// !$*UTF8*$!
{
	archiveVersion = 1;
	classes = {
	};
	objectVersion = 46;
	objects = {

/* Begin PBXBuildFile section */
		531581D3182004710032A738 /* LSNavBar.m in Sources */ = {isa = PBXBuildFile; fileRef = 531581D2182004710032A738 /* LSNavBar.m */; };
		531581DB182008450032A738 /* LSColorStyleSheet.m in Sources */ = {isa = PBXBuildFile; fileRef = 531581DA182008450032A738 /* LSColorStyleSheet.m */; };
		532FD984183D050700755CC3 /* LSForumNavBar.m in Sources */ = {isa = PBXBuildFile; fileRef = 532FD983183D050700755CC3 /* LSForumNavBar.m */; };
		53360A5218268D970067D9C9 /* LSAppDelegate.m in Sources */ = {isa = PBXBuildFile; fileRef = 53360A5118268D970067D9C9 /* LSAppDelegate.m */; };
		535E7704180FC1C900433042 /* libbz2.1.0.dylib in Frameworks */ = {isa = PBXBuildFile; fileRef = 535E7703180FC1C900433042 /* libbz2.1.0.dylib */; };
		535E7706180FC1DA00433042 /* Security.framework in Frameworks */ = {isa = PBXBuildFile; fileRef = 535E7705180FC1DA00433042 /* Security.framework */; };
		535E7708180FC20D00433042 /* SystemConfiguration.framework in Frameworks */ = {isa = PBXBuildFile; fileRef = 535E7707180FC20D00433042 /* SystemConfiguration.framework */; };
		535E7732180FCCFC00433042 /* LSBaseViewController.m in Sources */ = {isa = PBXBuildFile; fileRef = 535E7727180FCCFC00433042 /* LSBaseViewController.m */; };
		535E7733180FCCFC00433042 /* LSForumViewController.m in Sources */ = {isa = PBXBuildFile; fileRef = 535E7729180FCCFC00433042 /* LSForumViewController.m */; };
		535E7734180FCCFC00433042 /* LSHeadlineViewController.m in Sources */ = {isa = PBXBuildFile; fileRef = 535E772B180FCCFC00433042 /* LSHeadlineViewController.m */; };
		535E7735180FCCFC00433042 /* LSMyViewController.m in Sources */ = {isa = PBXBuildFile; fileRef = 535E772D180FCCFC00433042 /* LSMyViewController.m */; };
		535E7736180FCCFC00433042 /* LSNearbyViewController.m in Sources */ = {isa = PBXBuildFile; fileRef = 535E772F180FCCFC00433042 /* LSNearbyViewController.m */; };
		535E7737180FCCFC00433042 /* LSTabBarViewController.m in Sources */ = {isa = PBXBuildFile; fileRef = 535E7731180FCCFC00433042 /* LSTabBarViewController.m */; };
		536A70D31819638700C9FD00 /* AFHTTPClient.m in Sources */ = {isa = PBXBuildFile; fileRef = 536A70C11819638700C9FD00 /* AFHTTPClient.m */; };
		536A70D41819638700C9FD00 /* AFHTTPRequestOperation.m in Sources */ = {isa = PBXBuildFile; fileRef = 536A70C31819638700C9FD00 /* AFHTTPRequestOperation.m */; };
		536A70D51819638700C9FD00 /* AFImageRequestOperation.m in Sources */ = {isa = PBXBuildFile; fileRef = 536A70C51819638700C9FD00 /* AFImageRequestOperation.m */; };
		536A70D61819638700C9FD00 /* AFJSONRequestOperation.m in Sources */ = {isa = PBXBuildFile; fileRef = 536A70C71819638700C9FD00 /* AFJSONRequestOperation.m */; };
		536A70D71819638700C9FD00 /* AFNetworkActivityIndicatorManager.m in Sources */ = {isa = PBXBuildFile; fileRef = 536A70C91819638700C9FD00 /* AFNetworkActivityIndicatorManager.m */; };
		536A70D81819638700C9FD00 /* AFPropertyListRequestOperation.m in Sources */ = {isa = PBXBuildFile; fileRef = 536A70CC1819638700C9FD00 /* AFPropertyListRequestOperation.m */; };
		536A70D91819638700C9FD00 /* AFURLConnectionOperation.m in Sources */ = {isa = PBXBuildFile; fileRef = 536A70CE1819638700C9FD00 /* AFURLConnectionOperation.m */; };
		536A70DA1819638700C9FD00 /* AFXMLRequestOperation.m in Sources */ = {isa = PBXBuildFile; fileRef = 536A70D01819638700C9FD00 /* AFXMLRequestOperation.m */; };
		536A70DB1819638700C9FD00 /* UIImageView+AFNetworking.m in Sources */ = {isa = PBXBuildFile; fileRef = 536A70D21819638700C9FD00 /* UIImageView+AFNetworking.m */; };
		536A70E21819640000C9FD00 /* UIScrollView+SVInfiniteScrolling.m in Sources */ = {isa = PBXBuildFile; fileRef = 536A70DF1819640000C9FD00 /* UIScrollView+SVInfiniteScrolling.m */; };
		536A70E31819640000C9FD00 /* UIScrollView+SVPullToRefresh.m in Sources */ = {isa = PBXBuildFile; fileRef = 536A70E11819640000C9FD00 /* UIScrollView+SVPullToRefresh.m */; };
		536A70E518196B9C00C9FD00 /* QuartzCore.framework in Frameworks */ = {isa = PBXBuildFile; fileRef = 536A70E418196B9B00C9FD00 /* QuartzCore.framework */; };
		536C47F618327E5100213ABB /* _0005_天气.png in Resources */ = {isa = PBXBuildFile; fileRef = 536C47E118327E5100213ABB /* _0005_天气.png */; };
		536C47F718327E5100213ABB /* _0011_左侧箭头.png in Resources */ = {isa = PBXBuildFile; fileRef = 536C47E218327E5100213ABB /* _0011_左侧箭头.png */; };
		536C47F818327E5100213ABB /* _0012_右侧箭头.png in Resources */ = {isa = PBXBuildFile; fileRef = 536C47E318327E5100213ABB /* _0012_右侧箭头.png */; };
		536C47F918327E5100213ABB /* _0018_轮播图.png in Resources */ = {isa = PBXBuildFile; fileRef = 536C47E418327E5100213ABB /* _0018_轮播图.png */; };
		536C47FA18327E5100213ABB /* _0020_分割线1.png in Resources */ = {isa = PBXBuildFile; fileRef = 536C47E518327E5100213ABB /* _0020_分割线1.png */; };
		536C47FB18327E5100213ABB /* _0028_分割线1.png in Resources */ = {isa = PBXBuildFile; fileRef = 536C47E618327E5100213ABB /* _0028_分割线1.png */; };
		536C47FC18327E5100213ABB /* common_toolbar_background.png in Resources */ = {isa = PBXBuildFile; fileRef = 536C47E718327E5100213ABB /* common_toolbar_background.png */; };
		536C47FD18327E5100213ABB /* common_toolbar_background@2x.png in Resources */ = {isa = PBXBuildFile; fileRef = 536C47E818327E5100213ABB /* common_toolbar_background@2x.png */; };
		536C47FE18327E5100213ABB /* ErrorDataEmpty.png in Resources */ = {isa = PBXBuildFile; fileRef = 536C47E918327E5100213ABB /* ErrorDataEmpty.png */; };
		536C47FF18327E5100213ABB /* ErrorDataEmpty@2x.png in Resources */ = {isa = PBXBuildFile; fileRef = 536C47EA18327E5100213ABB /* ErrorDataEmpty@2x.png */; };
		536C480018327E5100213ABB /* ErrorEmpty.png in Resources */ = {isa = PBXBuildFile; fileRef = 536C47EB18327E5100213ABB /* ErrorEmpty.png */; };
		536C480118327E5100213ABB /* ErrorEmpty@2x.png in Resources */ = {isa = PBXBuildFile; fileRef = 536C47EC18327E5100213ABB /* ErrorEmpty@2x.png */; };
		536C480218327E5100213ABB /* fourm_icon.png in Resources */ = {isa = PBXBuildFile; fileRef = 536C47ED18327E5100213ABB /* fourm_icon.png */; };
		536C480318327E5100213ABB /* headline_icon.png in Resources */ = {isa = PBXBuildFile; fileRef = 536C47EE18327E5100213ABB /* headline_icon.png */; };
		536C480418327E5100213ABB /* list_default_image.png in Resources */ = {isa = PBXBuildFile; fileRef = 536C47EF18327E5100213ABB /* list_default_image.png */; };
		536C480518327E5100213ABB /* loading.png in Resources */ = {isa = PBXBuildFile; fileRef = 536C47F018327E5100213ABB /* loading.png */; };
		536C480618327E5100213ABB /* logo.png in Resources */ = {isa = PBXBuildFile; fileRef = 536C47F118327E5100213ABB /* logo.png */; };
		536C480718327E5100213ABB /* my_icon.png in Resources */ = {isa = PBXBuildFile; fileRef = 536C47F218327E5100213ABB /* my_icon.png */; };
		536C480818327E5100213ABB /* nearby_icon.png in Resources */ = {isa = PBXBuildFile; fileRef = 536C47F318327E5100213ABB /* nearby_icon.png */; };
		536C480918327E5100213ABB /* 头条iphone5-原图.jpg in Resources */ = {isa = PBXBuildFile; fileRef = 536C47F418327E5100213ABB /* 头条iphone5-原图.jpg */; };
		536C480A18327E5100213ABB /* 头条iphone5_MarkMan.png in Resources */ = {isa = PBXBuildFile; fileRef = 536C47F518327E5100213ABB /* 头条iphone5_MarkMan.png */; };
		5392A975181BCB720061230C /* LSApiClientService.m in Sources */ = {isa = PBXBuildFile; fileRef = 5392A974181BCB720061230C /* LSApiClientService.m */; };
		539F5573182E796D007B7952 /* LSErrorViewController.m in Sources */ = {isa = PBXBuildFile; fileRef = 539F5572182E796D007B7952 /* LSErrorViewController.m */; };
		539F55B9182E84E7007B7952 /* WebPImage.m in Sources */ = {isa = PBXBuildFile; fileRef = 539F55B7182E84E7007B7952 /* WebPImage.m */; settings = {COMPILER_FLAGS = "-fno-objc-arc"; }; };
		539F55CE182E89EE007B7952 /* SDImageCache.m in Sources */ = {isa = PBXBuildFile; fileRef = 539F55BC182E89EE007B7952 /* SDImageCache.m */; };
		539F55CF182E89EE007B7952 /* SDWebImageCompat.m in Sources */ = {isa = PBXBuildFile; fileRef = 539F55BE182E89EE007B7952 /* SDWebImageCompat.m */; };
		539F55D0182E89EE007B7952 /* SDWebImageDecoder.m in Sources */ = {isa = PBXBuildFile; fileRef = 539F55C0182E89EE007B7952 /* SDWebImageDecoder.m */; };
		539F55D1182E89EE007B7952 /* SDWebImageDownloader.m in Sources */ = {isa = PBXBuildFile; fileRef = 539F55C2182E89EE007B7952 /* SDWebImageDownloader.m */; };
		539F55D2182E89EE007B7952 /* SDWebImageDownloaderOperation.m in Sources */ = {isa = PBXBuildFile; fileRef = 539F55C4182E89EE007B7952 /* SDWebImageDownloaderOperation.m */; };
		539F55D3182E89EE007B7952 /* SDWebImageManager.m in Sources */ = {isa = PBXBuildFile; fileRef = 539F55C6182E89EE007B7952 /* SDWebImageManager.m */; };
		539F55D4182E89EE007B7952 /* SDWebImagePrefetcher.m in Sources */ = {isa = PBXBuildFile; fileRef = 539F55C9182E89EE007B7952 /* SDWebImagePrefetcher.m */; };
		539F55D5182E89EE007B7952 /* UIButton+WebCache.m in Sources */ = {isa = PBXBuildFile; fileRef = 539F55CB182E89EE007B7952 /* UIButton+WebCache.m */; };
		539F55D6182E89EE007B7952 /* UIImageView+WebCache.m in Sources */ = {isa = PBXBuildFile; fileRef = 539F55CD182E89EE007B7952 /* UIImageView+WebCache.m */; };
		539F55DC182E8AB0007B7952 /* WebP.framework in Frameworks */ = {isa = PBXBuildFile; fileRef = 539F55D8182E8AA1007B7952 /* WebP.framework */; };
		539F55DE182E8E20007B7952 /* ImageIO.framework in Frameworks */ = {isa = PBXBuildFile; fileRef = 539F55DD182E8E20007B7952 /* ImageIO.framework */; };
		539F55E0182E8E38007B7952 /* MapKit.framework in Frameworks */ = {isa = PBXBuildFile; fileRef = 539F55DF182E8E38007B7952 /* MapKit.framework */; };
		53C20EB9180F92C2006CE576 /* UIKit.framework in Frameworks */ = {isa = PBXBuildFile; fileRef = 53C20EB8180F92C2006CE576 /* UIKit.framework */; };
		53C20EBB180F92C2006CE576 /* Foundation.framework in Frameworks */ = {isa = PBXBuildFile; fileRef = 53C20EBA180F92C2006CE576 /* Foundation.framework */; };
		53C20EBD180F92C2006CE576 /* CoreGraphics.framework in Frameworks */ = {isa = PBXBuildFile; fileRef = 53C20EBC180F92C2006CE576 /* CoreGraphics.framework */; };
		53C20EC3180F92C2006CE576 /* InfoPlist.strings in Resources */ = {isa = PBXBuildFile; fileRef = 53C20EC1180F92C2006CE576 /* InfoPlist.strings */; };
		53C20EC5180F92C2006CE576 /* main.m in Sources */ = {isa = PBXBuildFile; fileRef = 53C20EC4180F92C2006CE576 /* main.m */; };
		53C20ECB180F92C2006CE576 /* Default.png in Resources */ = {isa = PBXBuildFile; fileRef = 53C20ECA180F92C2006CE576 /* Default.png */; };
		53C20ECD180F92C2006CE576 /* Default@2x.png in Resources */ = {isa = PBXBuildFile; fileRef = 53C20ECC180F92C2006CE576 /* Default@2x.png */; };
		53C20ECF180F92C2006CE576 /* Default-568h@2x.png in Resources */ = {isa = PBXBuildFile; fileRef = 53C20ECE180F92C2006CE576 /* Default-568h@2x.png */; };
		53C20EF4180F934B006CE576 /* CFNetwork.framework in Frameworks */ = {isa = PBXBuildFile; fileRef = 53C20EF3180F934B006CE576 /* CFNetwork.framework */; };
		53C20EF6180F9379006CE576 /* MobileCoreServices.framework in Frameworks */ = {isa = PBXBuildFile; fileRef = 53C20EF5180F9379006CE576 /* MobileCoreServices.framework */; };
		53E47893181577F600BEFD10 /* LSCommonToolbar.m in Sources */ = {isa = PBXBuildFile; fileRef = 53E47892181577F600BEFD10 /* LSCommonToolbar.m */; };
		53E7F1C3183134D00048EE04 /* LSErrorViewCell.m in Sources */ = {isa = PBXBuildFile; fileRef = 53E7F1C2183134D00048EE04 /* LSErrorViewCell.m */; };
/* End PBXBuildFile section */

/* Begin PBXFileReference section */
		531581D1182004700032A738 /* LSNavBar.h */ = {isa = PBXFileReference; fileEncoding = 4; lastKnownFileType = sourcecode.c.h; name = LSNavBar.h; path = View/LSNavBar.h; sourceTree = "<group>"; };
		531581D2182004710032A738 /* LSNavBar.m */ = {isa = PBXFileReference; fileEncoding = 4; lastKnownFileType = sourcecode.c.objc; name = LSNavBar.m; path = View/LSNavBar.m; sourceTree = "<group>"; };
		531581D9182008450032A738 /* LSColorStyleSheet.h */ = {isa = PBXFileReference; fileEncoding = 4; lastKnownFileType = sourcecode.c.h; path = LSColorStyleSheet.h; sourceTree = "<group>"; };
		531581DA182008450032A738 /* LSColorStyleSheet.m */ = {isa = PBXFileReference; fileEncoding = 4; lastKnownFileType = sourcecode.c.objc; path = LSColorStyleSheet.m; sourceTree = "<group>"; };
		532FD982183D050700755CC3 /* LSForumNavBar.h */ = {isa = PBXFileReference; fileEncoding = 4; lastKnownFileType = sourcecode.c.h; name = LSForumNavBar.h; path = View/LSForumNavBar.h; sourceTree = "<group>"; };
		532FD983183D050700755CC3 /* LSForumNavBar.m */ = {isa = PBXFileReference; fileEncoding = 4; lastKnownFileType = sourcecode.c.objc; name = LSForumNavBar.m; path = View/LSForumNavBar.m; sourceTree = "<group>"; };
		53360A5118268D970067D9C9 /* LSAppDelegate.m */ = {isa = PBXFileReference; fileEncoding = 4; lastKnownFileType = sourcecode.c.objc; path = LSAppDelegate.m; sourceTree = "<group>"; };
		535E7703180FC1C900433042 /* libbz2.1.0.dylib */ = {isa = PBXFileReference; lastKnownFileType = "compiled.mach-o.dylib"; name = libbz2.1.0.dylib; path = usr/lib/libbz2.1.0.dylib; sourceTree = SDKROOT; };
		535E7705180FC1DA00433042 /* Security.framework */ = {isa = PBXFileReference; lastKnownFileType = wrapper.framework; name = Security.framework; path = System/Library/Frameworks/Security.framework; sourceTree = SDKROOT; };
		535E7707180FC20D00433042 /* SystemConfiguration.framework */ = {isa = PBXFileReference; lastKnownFileType = wrapper.framework; name = SystemConfiguration.framework; path = System/Library/Frameworks/SystemConfiguration.framework; sourceTree = SDKROOT; };
		535E7726180FCCFC00433042 /* LSBaseViewController.h */ = {isa = PBXFileReference; fileEncoding = 4; lastKnownFileType = sourcecode.c.h; path = LSBaseViewController.h; sourceTree = "<group>"; };
		535E7727180FCCFC00433042 /* LSBaseViewController.m */ = {isa = PBXFileReference; fileEncoding = 4; lastKnownFileType = sourcecode.c.objc; path = LSBaseViewController.m; sourceTree = "<group>"; };
		535E7728180FCCFC00433042 /* LSForumViewController.h */ = {isa = PBXFileReference; fileEncoding = 4; lastKnownFileType = sourcecode.c.h; path = LSForumViewController.h; sourceTree = "<group>"; };
		535E7729180FCCFC00433042 /* LSForumViewController.m */ = {isa = PBXFileReference; fileEncoding = 4; lastKnownFileType = sourcecode.c.objc; path = LSForumViewController.m; sourceTree = "<group>"; };
		535E772A180FCCFC00433042 /* LSHeadlineViewController.h */ = {isa = PBXFileReference; fileEncoding = 4; lastKnownFileType = sourcecode.c.h; path = LSHeadlineViewController.h; sourceTree = "<group>"; };
		535E772B180FCCFC00433042 /* LSHeadlineViewController.m */ = {isa = PBXFileReference; fileEncoding = 4; lastKnownFileType = sourcecode.c.objc; path = LSHeadlineViewController.m; sourceTree = "<group>"; };
		535E772C180FCCFC00433042 /* LSMyViewController.h */ = {isa = PBXFileReference; fileEncoding = 4; lastKnownFileType = sourcecode.c.h; path = LSMyViewController.h; sourceTree = "<group>"; };
		535E772D180FCCFC00433042 /* LSMyViewController.m */ = {isa = PBXFileReference; fileEncoding = 4; lastKnownFileType = sourcecode.c.objc; path = LSMyViewController.m; sourceTree = "<group>"; };
		535E772E180FCCFC00433042 /* LSNearbyViewController.h */ = {isa = PBXFileReference; fileEncoding = 4; lastKnownFileType = sourcecode.c.h; path = LSNearbyViewController.h; sourceTree = "<group>"; };
		535E772F180FCCFC00433042 /* LSNearbyViewController.m */ = {isa = PBXFileReference; fileEncoding = 4; lastKnownFileType = sourcecode.c.objc; path = LSNearbyViewController.m; sourceTree = "<group>"; };
		535E7730180FCCFC00433042 /* LSTabBarViewController.h */ = {isa = PBXFileReference; fileEncoding = 4; lastKnownFileType = sourcecode.c.h; path = LSTabBarViewController.h; sourceTree = "<group>"; };
		535E7731180FCCFC00433042 /* LSTabBarViewController.m */ = {isa = PBXFileReference; fileEncoding = 4; lastKnownFileType = sourcecode.c.objc; path = LSTabBarViewController.m; sourceTree = "<group>"; };
		536A70C01819638700C9FD00 /* AFHTTPClient.h */ = {isa = PBXFileReference; fileEncoding = 4; lastKnownFileType = sourcecode.c.h; path = AFHTTPClient.h; sourceTree = "<group>"; };
		536A70C11819638700C9FD00 /* AFHTTPClient.m */ = {isa = PBXFileReference; fileEncoding = 4; lastKnownFileType = sourcecode.c.objc; path = AFHTTPClient.m; sourceTree = "<group>"; };
		536A70C21819638700C9FD00 /* AFHTTPRequestOperation.h */ = {isa = PBXFileReference; fileEncoding = 4; lastKnownFileType = sourcecode.c.h; path = AFHTTPRequestOperation.h; sourceTree = "<group>"; };
		536A70C31819638700C9FD00 /* AFHTTPRequestOperation.m */ = {isa = PBXFileReference; fileEncoding = 4; lastKnownFileType = sourcecode.c.objc; path = AFHTTPRequestOperation.m; sourceTree = "<group>"; };
		536A70C41819638700C9FD00 /* AFImageRequestOperation.h */ = {isa = PBXFileReference; fileEncoding = 4; lastKnownFileType = sourcecode.c.h; path = AFImageRequestOperation.h; sourceTree = "<group>"; };
		536A70C51819638700C9FD00 /* AFImageRequestOperation.m */ = {isa = PBXFileReference; fileEncoding = 4; lastKnownFileType = sourcecode.c.objc; path = AFImageRequestOperation.m; sourceTree = "<group>"; };
		536A70C61819638700C9FD00 /* AFJSONRequestOperation.h */ = {isa = PBXFileReference; fileEncoding = 4; lastKnownFileType = sourcecode.c.h; path = AFJSONRequestOperation.h; sourceTree = "<group>"; };
		536A70C71819638700C9FD00 /* AFJSONRequestOperation.m */ = {isa = PBXFileReference; fileEncoding = 4; lastKnownFileType = sourcecode.c.objc; path = AFJSONRequestOperation.m; sourceTree = "<group>"; };
		536A70C81819638700C9FD00 /* AFNetworkActivityIndicatorManager.h */ = {isa = PBXFileReference; fileEncoding = 4; lastKnownFileType = sourcecode.c.h; path = AFNetworkActivityIndicatorManager.h; sourceTree = "<group>"; };
		536A70C91819638700C9FD00 /* AFNetworkActivityIndicatorManager.m */ = {isa = PBXFileReference; fileEncoding = 4; lastKnownFileType = sourcecode.c.objc; path = AFNetworkActivityIndicatorManager.m; sourceTree = "<group>"; };
		536A70CA1819638700C9FD00 /* AFNetworking.h */ = {isa = PBXFileReference; fileEncoding = 4; lastKnownFileType = sourcecode.c.h; path = AFNetworking.h; sourceTree = "<group>"; };
		536A70CB1819638700C9FD00 /* AFPropertyListRequestOperation.h */ = {isa = PBXFileReference; fileEncoding = 4; lastKnownFileType = sourcecode.c.h; path = AFPropertyListRequestOperation.h; sourceTree = "<group>"; };
		536A70CC1819638700C9FD00 /* AFPropertyListRequestOperation.m */ = {isa = PBXFileReference; fileEncoding = 4; lastKnownFileType = sourcecode.c.objc; path = AFPropertyListRequestOperation.m; sourceTree = "<group>"; };
		536A70CD1819638700C9FD00 /* AFURLConnectionOperation.h */ = {isa = PBXFileReference; fileEncoding = 4; lastKnownFileType = sourcecode.c.h; path = AFURLConnectionOperation.h; sourceTree = "<group>"; };
		536A70CE1819638700C9FD00 /* AFURLConnectionOperation.m */ = {isa = PBXFileReference; fileEncoding = 4; lastKnownFileType = sourcecode.c.objc; path = AFURLConnectionOperation.m; sourceTree = "<group>"; };
		536A70CF1819638700C9FD00 /* AFXMLRequestOperation.h */ = {isa = PBXFileReference; fileEncoding = 4; lastKnownFileType = sourcecode.c.h; path = AFXMLRequestOperation.h; sourceTree = "<group>"; };
		536A70D01819638700C9FD00 /* AFXMLRequestOperation.m */ = {isa = PBXFileReference; fileEncoding = 4; lastKnownFileType = sourcecode.c.objc; path = AFXMLRequestOperation.m; sourceTree = "<group>"; };
		536A70D11819638700C9FD00 /* UIImageView+AFNetworking.h */ = {isa = PBXFileReference; fileEncoding = 4; lastKnownFileType = sourcecode.c.h; path = "UIImageView+AFNetworking.h"; sourceTree = "<group>"; };
		536A70D21819638700C9FD00 /* UIImageView+AFNetworking.m */ = {isa = PBXFileReference; fileEncoding = 4; lastKnownFileType = sourcecode.c.objc; path = "UIImageView+AFNetworking.m"; sourceTree = "<group>"; };
		536A70DD1819640000C9FD00 /* SVPullToRefresh.h */ = {isa = PBXFileReference; fileEncoding = 4; lastKnownFileType = sourcecode.c.h; path = SVPullToRefresh.h; sourceTree = "<group>"; };
		536A70DE1819640000C9FD00 /* UIScrollView+SVInfiniteScrolling.h */ = {isa = PBXFileReference; fileEncoding = 4; lastKnownFileType = sourcecode.c.h; path = "UIScrollView+SVInfiniteScrolling.h"; sourceTree = "<group>"; };
		536A70DF1819640000C9FD00 /* UIScrollView+SVInfiniteScrolling.m */ = {isa = PBXFileReference; fileEncoding = 4; lastKnownFileType = sourcecode.c.objc; path = "UIScrollView+SVInfiniteScrolling.m"; sourceTree = "<group>"; };
		536A70E01819640000C9FD00 /* UIScrollView+SVPullToRefresh.h */ = {isa = PBXFileReference; fileEncoding = 4; lastKnownFileType = sourcecode.c.h; path = "UIScrollView+SVPullToRefresh.h"; sourceTree = "<group>"; };
		536A70E11819640000C9FD00 /* UIScrollView+SVPullToRefresh.m */ = {isa = PBXFileReference; fileEncoding = 4; lastKnownFileType = sourcecode.c.objc; path = "UIScrollView+SVPullToRefresh.m"; sourceTree = "<group>"; };
		536A70E418196B9B00C9FD00 /* QuartzCore.framework */ = {isa = PBXFileReference; lastKnownFileType = wrapper.framework; name = QuartzCore.framework; path = System/Library/Frameworks/QuartzCore.framework; sourceTree = SDKROOT; };
		536C47E118327E5100213ABB /* _0005_天气.png */ = {isa = PBXFileReference; lastKnownFileType = image.png; path = "_0005_天气.png"; sourceTree = "<group>"; };
		536C47E218327E5100213ABB /* _0011_左侧箭头.png */ = {isa = PBXFileReference; lastKnownFileType = image.png; path = "_0011_左侧箭头.png"; sourceTree = "<group>"; };
		536C47E318327E5100213ABB /* _0012_右侧箭头.png */ = {isa = PBXFileReference; lastKnownFileType = image.png; path = "_0012_右侧箭头.png"; sourceTree = "<group>"; };
		536C47E418327E5100213ABB /* _0018_轮播图.png */ = {isa = PBXFileReference; lastKnownFileType = image.png; path = "_0018_轮播图.png"; sourceTree = "<group>"; };
		536C47E518327E5100213ABB /* _0020_分割线1.png */ = {isa = PBXFileReference; lastKnownFileType = image.png; path = "_0020_分割线1.png"; sourceTree = "<group>"; };
		536C47E618327E5100213ABB /* _0028_分割线1.png */ = {isa = PBXFileReference; lastKnownFileType = image.png; path = "_0028_分割线1.png"; sourceTree = "<group>"; };
		536C47E718327E5100213ABB /* common_toolbar_background.png */ = {isa = PBXFileReference; lastKnownFileType = image.png; path = common_toolbar_background.png; sourceTree = "<group>"; };
		536C47E818327E5100213ABB /* common_toolbar_background@2x.png */ = {isa = PBXFileReference; lastKnownFileType = image.png; path = "common_toolbar_background@2x.png"; sourceTree = "<group>"; };
		536C47E918327E5100213ABB /* ErrorDataEmpty.png */ = {isa = PBXFileReference; lastKnownFileType = image.png; path = ErrorDataEmpty.png; sourceTree = "<group>"; };
		536C47EA18327E5100213ABB /* ErrorDataEmpty@2x.png */ = {isa = PBXFileReference; lastKnownFileType = image.png; path = "ErrorDataEmpty@2x.png"; sourceTree = "<group>"; };
		536C47EB18327E5100213ABB /* ErrorEmpty.png */ = {isa = PBXFileReference; lastKnownFileType = image.png; path = ErrorEmpty.png; sourceTree = "<group>"; };
		536C47EC18327E5100213ABB /* ErrorEmpty@2x.png */ = {isa = PBXFileReference; lastKnownFileType = image.png; path = "ErrorEmpty@2x.png"; sourceTree = "<group>"; };
		536C47ED18327E5100213ABB /* fourm_icon.png */ = {isa = PBXFileReference; lastKnownFileType = image.png; path = fourm_icon.png; sourceTree = "<group>"; };
		536C47EE18327E5100213ABB /* headline_icon.png */ = {isa = PBXFileReference; lastKnownFileType = image.png; path = headline_icon.png; sourceTree = "<group>"; };
		536C47EF18327E5100213ABB /* list_default_image.png */ = {isa = PBXFileReference; lastKnownFileType = image.png; path = list_default_image.png; sourceTree = "<group>"; };
		536C47F018327E5100213ABB /* loading.png */ = {isa = PBXFileReference; lastKnownFileType = image.png; path = loading.png; sourceTree = "<group>"; };
		536C47F118327E5100213ABB /* logo.png */ = {isa = PBXFileReference; lastKnownFileType = image.png; path = logo.png; sourceTree = "<group>"; };
		536C47F218327E5100213ABB /* my_icon.png */ = {isa = PBXFileReference; lastKnownFileType = image.png; path = my_icon.png; sourceTree = "<group>"; };
		536C47F318327E5100213ABB /* nearby_icon.png */ = {isa = PBXFileReference; lastKnownFileType = image.png; path = nearby_icon.png; sourceTree = "<group>"; };
		536C47F418327E5100213ABB /* 头条iphone5-原图.jpg */ = {isa = PBXFileReference; lastKnownFileType = image.jpeg; path = "头条iphone5-原图.jpg"; sourceTree = "<group>"; };
		536C47F518327E5100213ABB /* 头条iphone5_MarkMan.png */ = {isa = PBXFileReference; lastKnownFileType = image.png; path = "头条iphone5_MarkMan.png"; sourceTree = "<group>"; };
		5392A973181BCB720061230C /* LSApiClientService.h */ = {isa = PBXFileReference; fileEncoding = 4; lastKnownFileType = sourcecode.c.h; path = LSApiClientService.h; sourceTree = "<group>"; };
		5392A974181BCB720061230C /* LSApiClientService.m */ = {isa = PBXFileReference; fileEncoding = 4; lastKnownFileType = sourcecode.c.objc; path = LSApiClientService.m; sourceTree = "<group>"; };
		539F5571182E796D007B7952 /* LSErrorViewController.h */ = {isa = PBXFileReference; fileEncoding = 4; lastKnownFileType = sourcecode.c.h; path = LSErrorViewController.h; sourceTree = "<group>"; };
		539F5572182E796D007B7952 /* LSErrorViewController.m */ = {isa = PBXFileReference; fileEncoding = 4; lastKnownFileType = sourcecode.c.objc; path = LSErrorViewController.m; sourceTree = "<group>"; };
		539F55B4182E84E7007B7952 /* WebP.framework */ = {isa = PBXFileReference; lastKnownFileType = wrapper.framework; path = WebP.framework; sourceTree = "<group>"; };
		539F55B6182E84E7007B7952 /* WebPImage.h */ = {isa = PBXFileReference; fileEncoding = 4; lastKnownFileType = sourcecode.c.h; path = WebPImage.h; sourceTree = "<group>"; };
		539F55B7182E84E7007B7952 /* WebPImage.m */ = {isa = PBXFileReference; fileEncoding = 4; lastKnownFileType = sourcecode.c.objc; path = WebPImage.m; sourceTree = "<group>"; };
		539F55BB182E89EE007B7952 /* SDImageCache.h */ = {isa = PBXFileReference; fileEncoding = 4; lastKnownFileType = sourcecode.c.h; path = SDImageCache.h; sourceTree = "<group>"; };
		539F55BC182E89EE007B7952 /* SDImageCache.m */ = {isa = PBXFileReference; fileEncoding = 4; lastKnownFileType = sourcecode.c.objc; path = SDImageCache.m; sourceTree = "<group>"; };
		539F55BD182E89EE007B7952 /* SDWebImageCompat.h */ = {isa = PBXFileReference; fileEncoding = 4; lastKnownFileType = sourcecode.c.h; path = SDWebImageCompat.h; sourceTree = "<group>"; };
		539F55BE182E89EE007B7952 /* SDWebImageCompat.m */ = {isa = PBXFileReference; fileEncoding = 4; lastKnownFileType = sourcecode.c.objc; path = SDWebImageCompat.m; sourceTree = "<group>"; };
		539F55BF182E89EE007B7952 /* SDWebImageDecoder.h */ = {isa = PBXFileReference; fileEncoding = 4; lastKnownFileType = sourcecode.c.h; path = SDWebImageDecoder.h; sourceTree = "<group>"; };
		539F55C0182E89EE007B7952 /* SDWebImageDecoder.m */ = {isa = PBXFileReference; fileEncoding = 4; lastKnownFileType = sourcecode.c.objc; path = SDWebImageDecoder.m; sourceTree = "<group>"; };
		539F55C1182E89EE007B7952 /* SDWebImageDownloader.h */ = {isa = PBXFileReference; fileEncoding = 4; lastKnownFileType = sourcecode.c.h; path = SDWebImageDownloader.h; sourceTree = "<group>"; };
		539F55C2182E89EE007B7952 /* SDWebImageDownloader.m */ = {isa = PBXFileReference; fileEncoding = 4; lastKnownFileType = sourcecode.c.objc; path = SDWebImageDownloader.m; sourceTree = "<group>"; };
		539F55C3182E89EE007B7952 /* SDWebImageDownloaderOperation.h */ = {isa = PBXFileReference; fileEncoding = 4; lastKnownFileType = sourcecode.c.h; path = SDWebImageDownloaderOperation.h; sourceTree = "<group>"; };
		539F55C4182E89EE007B7952 /* SDWebImageDownloaderOperation.m */ = {isa = PBXFileReference; fileEncoding = 4; lastKnownFileType = sourcecode.c.objc; path = SDWebImageDownloaderOperation.m; sourceTree = "<group>"; };
		539F55C5182E89EE007B7952 /* SDWebImageManager.h */ = {isa = PBXFileReference; fileEncoding = 4; lastKnownFileType = sourcecode.c.h; path = SDWebImageManager.h; sourceTree = "<group>"; };
		539F55C6182E89EE007B7952 /* SDWebImageManager.m */ = {isa = PBXFileReference; fileEncoding = 4; lastKnownFileType = sourcecode.c.objc; path = SDWebImageManager.m; sourceTree = "<group>"; };
		539F55C7182E89EE007B7952 /* SDWebImageOperation.h */ = {isa = PBXFileReference; fileEncoding = 4; lastKnownFileType = sourcecode.c.h; path = SDWebImageOperation.h; sourceTree = "<group>"; };
		539F55C8182E89EE007B7952 /* SDWebImagePrefetcher.h */ = {isa = PBXFileReference; fileEncoding = 4; lastKnownFileType = sourcecode.c.h; path = SDWebImagePrefetcher.h; sourceTree = "<group>"; };
		539F55C9182E89EE007B7952 /* SDWebImagePrefetcher.m */ = {isa = PBXFileReference; fileEncoding = 4; lastKnownFileType = sourcecode.c.objc; path = SDWebImagePrefetcher.m; sourceTree = "<group>"; };
		539F55CA182E89EE007B7952 /* UIButton+WebCache.h */ = {isa = PBXFileReference; fileEncoding = 4; lastKnownFileType = sourcecode.c.h; path = "UIButton+WebCache.h"; sourceTree = "<group>"; };
		539F55CB182E89EE007B7952 /* UIButton+WebCache.m */ = {isa = PBXFileReference; fileEncoding = 4; lastKnownFileType = sourcecode.c.objc; path = "UIButton+WebCache.m"; sourceTree = "<group>"; };
		539F55CC182E89EE007B7952 /* UIImageView+WebCache.h */ = {isa = PBXFileReference; fileEncoding = 4; lastKnownFileType = sourcecode.c.h; path = "UIImageView+WebCache.h"; sourceTree = "<group>"; };
		539F55CD182E89EE007B7952 /* UIImageView+WebCache.m */ = {isa = PBXFileReference; fileEncoding = 4; lastKnownFileType = sourcecode.c.objc; path = "UIImageView+WebCache.m"; sourceTree = "<group>"; };
		539F55D8182E8AA1007B7952 /* WebP.framework */ = {isa = PBXFileReference; lastKnownFileType = wrapper.framework; path = WebP.framework; sourceTree = "<group>"; };
		539F55DA182E8AA1007B7952 /* WebPImage.h */ = {isa = PBXFileReference; lastKnownFileType = sourcecode.c.h; path = WebPImage.h; sourceTree = "<group>"; };
		539F55DB182E8AA1007B7952 /* WebPImage.m */ = {isa = PBXFileReference; lastKnownFileType = sourcecode.c.objc; path = WebPImage.m; sourceTree = "<group>"; };
		539F55DD182E8E20007B7952 /* ImageIO.framework */ = {isa = PBXFileReference; lastKnownFileType = wrapper.framework; name = ImageIO.framework; path = System/Library/Frameworks/ImageIO.framework; sourceTree = SDKROOT; };
		539F55DF182E8E38007B7952 /* MapKit.framework */ = {isa = PBXFileReference; lastKnownFileType = wrapper.framework; name = MapKit.framework; path = System/Library/Frameworks/MapKit.framework; sourceTree = SDKROOT; };
		53C20EB5180F92C2006CE576 /* LoveShang.app */ = {isa = PBXFileReference; explicitFileType = wrapper.application; includeInIndex = 0; path = LoveShang.app; sourceTree = BUILT_PRODUCTS_DIR; };
		53C20EB8180F92C2006CE576 /* UIKit.framework */ = {isa = PBXFileReference; lastKnownFileType = wrapper.framework; name = UIKit.framework; path = System/Library/Frameworks/UIKit.framework; sourceTree = SDKROOT; };
		53C20EBA180F92C2006CE576 /* Foundation.framework */ = {isa = PBXFileReference; lastKnownFileType = wrapper.framework; name = Foundation.framework; path = System/Library/Frameworks/Foundation.framework; sourceTree = SDKROOT; };
		53C20EBC180F92C2006CE576 /* CoreGraphics.framework */ = {isa = PBXFileReference; lastKnownFileType = wrapper.framework; name = CoreGraphics.framework; path = System/Library/Frameworks/CoreGraphics.framework; sourceTree = SDKROOT; };
		53C20EC0180F92C2006CE576 /* LoveShang-Info.plist */ = {isa = PBXFileReference; lastKnownFileType = text.plist.xml; path = "LoveShang-Info.plist"; sourceTree = "<group>"; };
		53C20EC2180F92C2006CE576 /* en */ = {isa = PBXFileReference; lastKnownFileType = text.plist.strings; name = en; path = en.lproj/InfoPlist.strings; sourceTree = "<group>"; };
		53C20EC4180F92C2006CE576 /* main.m */ = {isa = PBXFileReference; lastKnownFileType = sourcecode.c.objc; path = main.m; sourceTree = "<group>"; };
		53C20EC6180F92C2006CE576 /* LoveShang-Prefix.pch */ = {isa = PBXFileReference; lastKnownFileType = sourcecode.c.h; path = "LoveShang-Prefix.pch"; sourceTree = "<group>"; };
		53C20EC7180F92C2006CE576 /* LSAppDelegate.h */ = {isa = PBXFileReference; lastKnownFileType = sourcecode.c.h; path = LSAppDelegate.h; sourceTree = "<group>"; };
		53C20ECA180F92C2006CE576 /* Default.png */ = {isa = PBXFileReference; lastKnownFileType = image.png; path = Default.png; sourceTree = "<group>"; };
		53C20ECC180F92C2006CE576 /* Default@2x.png */ = {isa = PBXFileReference; lastKnownFileType = image.png; path = "Default@2x.png"; sourceTree = "<group>"; };
		53C20ECE180F92C2006CE576 /* Default-568h@2x.png */ = {isa = PBXFileReference; lastKnownFileType = image.png; path = "Default-568h@2x.png"; sourceTree = "<group>"; };
		53C20EF3180F934B006CE576 /* CFNetwork.framework */ = {isa = PBXFileReference; lastKnownFileType = wrapper.framework; name = CFNetwork.framework; path = System/Library/Frameworks/CFNetwork.framework; sourceTree = SDKROOT; };
		53C20EF5180F9379006CE576 /* MobileCoreServices.framework */ = {isa = PBXFileReference; lastKnownFileType = wrapper.framework; name = MobileCoreServices.framework; path = System/Library/Frameworks/MobileCoreServices.framework; sourceTree = SDKROOT; };
		53E47891181577F600BEFD10 /* LSCommonToolbar.h */ = {isa = PBXFileReference; fileEncoding = 4; lastKnownFileType = sourcecode.c.h; name = LSCommonToolbar.h; path = View/LSCommonToolbar.h; sourceTree = "<group>"; };
		53E47892181577F600BEFD10 /* LSCommonToolbar.m */ = {isa = PBXFileReference; fileEncoding = 4; lastKnownFileType = sourcecode.c.objc; name = LSCommonToolbar.m; path = View/LSCommonToolbar.m; sourceTree = "<group>"; };
		53E7F1C1183134D00048EE04 /* LSErrorViewCell.h */ = {isa = PBXFileReference; fileEncoding = 4; lastKnownFileType = sourcecode.c.h; name = LSErrorViewCell.h; path = View/LSErrorViewCell.h; sourceTree = "<group>"; };
		53E7F1C2183134D00048EE04 /* LSErrorViewCell.m */ = {isa = PBXFileReference; fileEncoding = 4; lastKnownFileType = sourcecode.c.objc; name = LSErrorViewCell.m; path = View/LSErrorViewCell.m; sourceTree = "<group>"; };
/* End PBXFileReference section */

/* Begin PBXFrameworksBuildPhase section */
		53C20EB2180F92C2006CE576 /* Frameworks */ = {
			isa = PBXFrameworksBuildPhase;
			buildActionMask = 2147483647;
			files = (
				539F55E0182E8E38007B7952 /* MapKit.framework in Frameworks */,
				539F55DE182E8E20007B7952 /* ImageIO.framework in Frameworks */,
				539F55DC182E8AB0007B7952 /* WebP.framework in Frameworks */,
				536A70E518196B9C00C9FD00 /* QuartzCore.framework in Frameworks */,
				535E7708180FC20D00433042 /* SystemConfiguration.framework in Frameworks */,
				535E7706180FC1DA00433042 /* Security.framework in Frameworks */,
				535E7704180FC1C900433042 /* libbz2.1.0.dylib in Frameworks */,
				53C20EF6180F9379006CE576 /* MobileCoreServices.framework in Frameworks */,
				53C20EF4180F934B006CE576 /* CFNetwork.framework in Frameworks */,
				53C20EB9180F92C2006CE576 /* UIKit.framework in Frameworks */,
				53C20EBB180F92C2006CE576 /* Foundation.framework in Frameworks */,
				53C20EBD180F92C2006CE576 /* CoreGraphics.framework in Frameworks */,
			);
			runOnlyForDeploymentPostprocessing = 0;
		};
/* End PBXFrameworksBuildPhase section */

/* Begin PBXGroup section */
		531581D81820082D0032A738 /* Common */ = {
			isa = PBXGroup;
			children = (
				531581D9182008450032A738 /* LSColorStyleSheet.h */,
				531581DA182008450032A738 /* LSColorStyleSheet.m */,
			);
			path = Common;
			sourceTree = "<group>";
		};
		535E770B180FC2A400433042 /* Service */ = {
			isa = PBXGroup;
			children = (
				5392A973181BCB720061230C /* LSApiClientService.h */,
				5392A974181BCB720061230C /* LSApiClientService.m */,
			);
			name = Service;
			sourceTree = "<group>";
		};
		535E770F180FC33600433042 /* Model */ = {
			isa = PBXGroup;
			children = (
			);
			name = Model;
			sourceTree = "<group>";
		};
		535E7710180FC35700433042 /* View */ = {
			isa = PBXGroup;
			children = (
				53E47891181577F600BEFD10 /* LSCommonToolbar.h */,
				53E47892181577F600BEFD10 /* LSCommonToolbar.m */,
				531581D1182004700032A738 /* LSNavBar.h */,
				531581D2182004710032A738 /* LSNavBar.m */,
				53E7F1C1183134D00048EE04 /* LSErrorViewCell.h */,
				53E7F1C2183134D00048EE04 /* LSErrorViewCell.m */,
				532FD982183D050700755CC3 /* LSForumNavBar.h */,
				532FD983183D050700755CC3 /* LSForumNavBar.m */,
			);
			name = View;
			sourceTree = "<group>";
		};
		535E7725180FCCFC00433042 /* ViewController */ = {
			isa = PBXGroup;
			children = (
				535E7726180FCCFC00433042 /* LSBaseViewController.h */,
				535E7727180FCCFC00433042 /* LSBaseViewController.m */,
				535E7728180FCCFC00433042 /* LSForumViewController.h */,
				535E7729180FCCFC00433042 /* LSForumViewController.m */,
				535E772A180FCCFC00433042 /* LSHeadlineViewController.h */,
				535E772B180FCCFC00433042 /* LSHeadlineViewController.m */,
				535E772C180FCCFC00433042 /* LSMyViewController.h */,
				535E772D180FCCFC00433042 /* LSMyViewController.m */,
				535E772E180FCCFC00433042 /* LSNearbyViewController.h */,
				535E772F180FCCFC00433042 /* LSNearbyViewController.m */,
				535E7730180FCCFC00433042 /* LSTabBarViewController.h */,
				535E7731180FCCFC00433042 /* LSTabBarViewController.m */,
				539F5571182E796D007B7952 /* LSErrorViewController.h */,
				539F5572182E796D007B7952 /* LSErrorViewController.m */,
			);
			path = ViewController;
			sourceTree = "<group>";
		};
		536A70BE1819638700C9FD00 /* Vendors */ = {
			isa = PBXGroup;
			children = (
				539F55BA182E89EE007B7952 /* SDWebImage */,
				539F55B3182E84E7007B7952 /* Webp */,
				536A70DC1819640000C9FD00 /* SVPullToRefresh */,
				536A70BF1819638700C9FD00 /* AFNetworking */,
			);
			path = Vendors;
			sourceTree = "<group>";
		};
		536A70BF1819638700C9FD00 /* AFNetworking */ = {
			isa = PBXGroup;
			children = (
				536A70C01819638700C9FD00 /* AFHTTPClient.h */,
				536A70C11819638700C9FD00 /* AFHTTPClient.m */,
				536A70C21819638700C9FD00 /* AFHTTPRequestOperation.h */,
				536A70C31819638700C9FD00 /* AFHTTPRequestOperation.m */,
				536A70C41819638700C9FD00 /* AFImageRequestOperation.h */,
				536A70C51819638700C9FD00 /* AFImageRequestOperation.m */,
				536A70C61819638700C9FD00 /* AFJSONRequestOperation.h */,
				536A70C71819638700C9FD00 /* AFJSONRequestOperation.m */,
				536A70C81819638700C9FD00 /* AFNetworkActivityIndicatorManager.h */,
				536A70C91819638700C9FD00 /* AFNetworkActivityIndicatorManager.m */,
				536A70CA1819638700C9FD00 /* AFNetworking.h */,
				536A70CB1819638700C9FD00 /* AFPropertyListRequestOperation.h */,
				536A70CC1819638700C9FD00 /* AFPropertyListRequestOperation.m */,
				536A70CD1819638700C9FD00 /* AFURLConnectionOperation.h */,
				536A70CE1819638700C9FD00 /* AFURLConnectionOperation.m */,
				536A70CF1819638700C9FD00 /* AFXMLRequestOperation.h */,
				536A70D01819638700C9FD00 /* AFXMLRequestOperation.m */,
				536A70D11819638700C9FD00 /* UIImageView+AFNetworking.h */,
				536A70D21819638700C9FD00 /* UIImageView+AFNetworking.m */,
			);
			path = AFNetworking;
			sourceTree = "<group>";
		};
		536A70DC1819640000C9FD00 /* SVPullToRefresh */ = {
			isa = PBXGroup;
			children = (
				536A70DD1819640000C9FD00 /* SVPullToRefresh.h */,
				536A70DE1819640000C9FD00 /* UIScrollView+SVInfiniteScrolling.h */,
				536A70DF1819640000C9FD00 /* UIScrollView+SVInfiniteScrolling.m */,
				536A70E01819640000C9FD00 /* UIScrollView+SVPullToRefresh.h */,
				536A70E11819640000C9FD00 /* UIScrollView+SVPullToRefresh.m */,
			);
			path = SVPullToRefresh;
			sourceTree = "<group>";
		};
		536C47E018327E5100213ABB /* Resources */ = {
			isa = PBXGroup;
			children = (
				536C47E118327E5100213ABB /* _0005_天气.png */,
				536C47E218327E5100213ABB /* _0011_左侧箭头.png */,
				536C47E318327E5100213ABB /* _0012_右侧箭头.png */,
				536C47E418327E5100213ABB /* _0018_轮播图.png */,
				536C47E518327E5100213ABB /* _0020_分割线1.png */,
				536C47E618327E5100213ABB /* _0028_分割线1.png */,
				536C47E718327E5100213ABB /* common_toolbar_background.png */,
				536C47E818327E5100213ABB /* common_toolbar_background@2x.png */,
				536C47E918327E5100213ABB /* ErrorDataEmpty.png */,
				536C47EA18327E5100213ABB /* ErrorDataEmpty@2x.png */,
				536C47EB18327E5100213ABB /* ErrorEmpty.png */,
				536C47EC18327E5100213ABB /* ErrorEmpty@2x.png */,
				536C47ED18327E5100213ABB /* fourm_icon.png */,
				536C47EE18327E5100213ABB /* headline_icon.png */,
				536C47EF18327E5100213ABB /* list_default_image.png */,
				536C47F018327E5100213ABB /* loading.png */,
				536C47F118327E5100213ABB /* logo.png */,
				536C47F218327E5100213ABB /* my_icon.png */,
				536C47F318327E5100213ABB /* nearby_icon.png */,
				536C47F418327E5100213ABB /* 头条iphone5-原图.jpg */,
				536C47F518327E5100213ABB /* 头条iphone5_MarkMan.png */,
			);
			path = Resources;
			sourceTree = "<group>";
		};
		539F55B3182E84E7007B7952 /* Webp */ = {
			isa = PBXGroup;
			children = (
				539F55B4182E84E7007B7952 /* WebP.framework */,
				539F55B5182E84E7007B7952 /* WebPImage */,
			);
			path = Webp;
			sourceTree = "<group>";
		};
		539F55B5182E84E7007B7952 /* WebPImage */ = {
			isa = PBXGroup;
			children = (
				539F55B6182E84E7007B7952 /* WebPImage.h */,
				539F55B7182E84E7007B7952 /* WebPImage.m */,
			);
			path = WebPImage;
			sourceTree = "<group>";
		};
		539F55BA182E89EE007B7952 /* SDWebImage */ = {
			isa = PBXGroup;
			children = (
				539F55BB182E89EE007B7952 /* SDImageCache.h */,
				539F55BC182E89EE007B7952 /* SDImageCache.m */,
				539F55BD182E89EE007B7952 /* SDWebImageCompat.h */,
				539F55BE182E89EE007B7952 /* SDWebImageCompat.m */,
				539F55BF182E89EE007B7952 /* SDWebImageDecoder.h */,
				539F55C0182E89EE007B7952 /* SDWebImageDecoder.m */,
				539F55C1182E89EE007B7952 /* SDWebImageDownloader.h */,
				539F55C2182E89EE007B7952 /* SDWebImageDownloader.m */,
				539F55C3182E89EE007B7952 /* SDWebImageDownloaderOperation.h */,
				539F55C4182E89EE007B7952 /* SDWebImageDownloaderOperation.m */,
				539F55C5182E89EE007B7952 /* SDWebImageManager.h */,
				539F55C6182E89EE007B7952 /* SDWebImageManager.m */,
				539F55C7182E89EE007B7952 /* SDWebImageOperation.h */,
				539F55C8182E89EE007B7952 /* SDWebImagePrefetcher.h */,
				539F55C9182E89EE007B7952 /* SDWebImagePrefetcher.m */,
				539F55CA182E89EE007B7952 /* UIButton+WebCache.h */,
				539F55CB182E89EE007B7952 /* UIButton+WebCache.m */,
				539F55CC182E89EE007B7952 /* UIImageView+WebCache.h */,
				539F55CD182E89EE007B7952 /* UIImageView+WebCache.m */,
			);
			path = SDWebImage;
			sourceTree = "<group>";
		};
		539F55D7182E8AA1007B7952 /* Webp */ = {
			isa = PBXGroup;
			children = (
				539F55D8182E8AA1007B7952 /* WebP.framework */,
				539F55D9182E8AA1007B7952 /* WebPImage */,
			);
			name = Webp;
			path = Vendors/Webp;
			sourceTree = "<group>";
		};
		539F55D9182E8AA1007B7952 /* WebPImage */ = {
			isa = PBXGroup;
			children = (
				539F55DA182E8AA1007B7952 /* WebPImage.h */,
				539F55DB182E8AA1007B7952 /* WebPImage.m */,
			);
			path = WebPImage;
			sourceTree = "<group>";
		};
		53C20EAC180F92C2006CE576 = {
			isa = PBXGroup;
			children = (
				536A70BE1819638700C9FD00 /* Vendors */,
				53C20EBE180F92C2006CE576 /* LoveShang */,
				53C20EB7180F92C2006CE576 /* Frameworks */,
				53C20EB6180F92C2006CE576 /* Products */,
			);
			sourceTree = "<group>";
		};
		53C20EB6180F92C2006CE576 /* Products */ = {
			isa = PBXGroup;
			children = (
				53C20EB5180F92C2006CE576 /* LoveShang.app */,
			);
			name = Products;
			sourceTree = "<group>";
		};
		53C20EB7180F92C2006CE576 /* Frameworks */ = {
			isa = PBXGroup;
			children = (
				539F55DF182E8E38007B7952 /* MapKit.framework */,
				539F55DD182E8E20007B7952 /* ImageIO.framework */,
				539F55D7182E8AA1007B7952 /* Webp */,
				536A70E418196B9B00C9FD00 /* QuartzCore.framework */,
				535E7707180FC20D00433042 /* SystemConfiguration.framework */,
				535E7705180FC1DA00433042 /* Security.framework */,
				535E7703180FC1C900433042 /* libbz2.1.0.dylib */,
				53C20EF5180F9379006CE576 /* MobileCoreServices.framework */,
				53C20EF3180F934B006CE576 /* CFNetwork.framework */,
				53C20EB8180F92C2006CE576 /* UIKit.framework */,
				53C20EBA180F92C2006CE576 /* Foundation.framework */,
				53C20EBC180F92C2006CE576 /* CoreGraphics.framework */,
			);
			name = Frameworks;
			sourceTree = "<group>";
		};
		53C20EBE180F92C2006CE576 /* LoveShang */ = {
			isa = PBXGroup;
			children = (
				536C47E018327E5100213ABB /* Resources */,
				531581D81820082D0032A738 /* Common */,
				535E7725180FCCFC00433042 /* ViewController */,
				535E7710180FC35700433042 /* View */,
				535E770F180FC33600433042 /* Model */,
				535E770B180FC2A400433042 /* Service */,
				53C20EC7180F92C2006CE576 /* LSAppDelegate.h */,
				53360A5118268D970067D9C9 /* LSAppDelegate.m */,
				53C20EBF180F92C2006CE576 /* Supporting Files */,
			);
			path = LoveShang;
			sourceTree = "<group>";
		};
		53C20EBF180F92C2006CE576 /* Supporting Files */ = {
			isa = PBXGroup;
			children = (
				53C20EC0180F92C2006CE576 /* LoveShang-Info.plist */,
				53C20EC1180F92C2006CE576 /* InfoPlist.strings */,
				53C20EC4180F92C2006CE576 /* main.m */,
				53C20EC6180F92C2006CE576 /* LoveShang-Prefix.pch */,
				53C20ECA180F92C2006CE576 /* Default.png */,
				53C20ECC180F92C2006CE576 /* Default@2x.png */,
				53C20ECE180F92C2006CE576 /* Default-568h@2x.png */,
			);
			name = "Supporting Files";
			sourceTree = "<group>";
		};
/* End PBXGroup section */

/* Begin PBXNativeTarget section */
		53C20EB4180F92C2006CE576 /* LoveShang */ = {
			isa = PBXNativeTarget;
			buildConfigurationList = 53C20ED2180F92C2006CE576 /* Build configuration list for PBXNativeTarget "LoveShang" */;
			buildPhases = (
				53C20EB1180F92C2006CE576 /* Sources */,
				53C20EB2180F92C2006CE576 /* Frameworks */,
				53C20EB3180F92C2006CE576 /* Resources */,
			);
			buildRules = (
			);
			dependencies = (
			);
			name = LoveShang;
			productName = LoveShang;
			productReference = 53C20EB5180F92C2006CE576 /* LoveShang.app */;
			productType = "com.apple.product-type.application";
		};
/* End PBXNativeTarget section */

/* Begin PBXProject section */
		53C20EAD180F92C2006CE576 /* Project object */ = {
			isa = PBXProject;
			attributes = {
				CLASSPREFIX = LS;
				LastUpgradeCheck = 0460;
				ORGANIZATIONNAME = zhudong;
			};
			buildConfigurationList = 53C20EB0180F92C2006CE576 /* Build configuration list for PBXProject "LoveShang" */;
			compatibilityVersion = "Xcode 3.2";
			developmentRegion = English;
			hasScannedForEncodings = 0;
			knownRegions = (
				en,
			);
			mainGroup = 53C20EAC180F92C2006CE576;
			productRefGroup = 53C20EB6180F92C2006CE576 /* Products */;
			projectDirPath = "";
			projectRoot = "";
			targets = (
				53C20EB4180F92C2006CE576 /* LoveShang */,
			);
		};
/* End PBXProject section */

/* Begin PBXResourcesBuildPhase section */
		53C20EB3180F92C2006CE576 /* Resources */ = {
			isa = PBXResourcesBuildPhase;
			buildActionMask = 2147483647;
			files = (
				536C480518327E5100213ABB /* loading.png in Resources */,
				536C47FC18327E5100213ABB /* common_toolbar_background.png in Resources */,
				536C47F918327E5100213ABB /* _0018_轮播图.png in Resources */,
				536C480318327E5100213ABB /* headline_icon.png in Resources */,
				536C47FD18327E5100213ABB /* common_toolbar_background@2x.png in Resources */,
				536C47FB18327E5100213ABB /* _0028_分割线1.png in Resources */,
				53C20EC3180F92C2006CE576 /* InfoPlist.strings in Resources */,
				536C47FE18327E5100213ABB /* ErrorDataEmpty.png in Resources */,
				53C20ECB180F92C2006CE576 /* Default.png in Resources */,
				536C480118327E5100213ABB /* ErrorEmpty@2x.png in Resources */,
				536C480018327E5100213ABB /* ErrorEmpty.png in Resources */,
				536C480618327E5100213ABB /* logo.png in Resources */,
				536C480818327E5100213ABB /* nearby_icon.png in Resources */,
				53C20ECD180F92C2006CE576 /* Default@2x.png in Resources */,
				536C480218327E5100213ABB /* fourm_icon.png in Resources */,
				536C480718327E5100213ABB /* my_icon.png in Resources */,
				536C47F818327E5100213ABB /* _0012_右侧箭头.png in Resources */,
				536C47FF18327E5100213ABB /* ErrorDataEmpty@2x.png in Resources */,
				53C20ECF180F92C2006CE576 /* Default-568h@2x.png in Resources */,
				536C47FA18327E5100213ABB /* _0020_分割线1.png in Resources */,
				536C47F618327E5100213ABB /* _0005_天气.png in Resources */,
				536C480A18327E5100213ABB /* 头条iphone5_MarkMan.png in Resources */,
				536C480418327E5100213ABB /* list_default_image.png in Resources */,
				536C480918327E5100213ABB /* 头条iphone5-原图.jpg in Resources */,
				536C47F718327E5100213ABB /* _0011_左侧箭头.png in Resources */,
			);
			runOnlyForDeploymentPostprocessing = 0;
		};
/* End PBXResourcesBuildPhase section */

/* Begin PBXSourcesBuildPhase section */
		53C20EB1180F92C2006CE576 /* Sources */ = {
			isa = PBXSourcesBuildPhase;
			buildActionMask = 2147483647;
			files = (
				539F55D0182E89EE007B7952 /* SDWebImageDecoder.m in Sources */,
				53C20EC5180F92C2006CE576 /* main.m in Sources */,
				539F55D3182E89EE007B7952 /* SDWebImageManager.m in Sources */,
				535E7732180FCCFC00433042 /* LSBaseViewController.m in Sources */,
				539F55D6182E89EE007B7952 /* UIImageView+WebCache.m in Sources */,
				535E7733180FCCFC00433042 /* LSForumViewController.m in Sources */,
				535E7734180FCCFC00433042 /* LSHeadlineViewController.m in Sources */,
				53E7F1C3183134D00048EE04 /* LSErrorViewCell.m in Sources */,
				539F55CF182E89EE007B7952 /* SDWebImageCompat.m in Sources */,
				539F55D2182E89EE007B7952 /* SDWebImageDownloaderOperation.m in Sources */,
				535E7735180FCCFC00433042 /* LSMyViewController.m in Sources */,
				535E7736180FCCFC00433042 /* LSNearbyViewController.m in Sources */,
				532FD984183D050700755CC3 /* LSForumNavBar.m in Sources */,
				535E7737180FCCFC00433042 /* LSTabBarViewController.m in Sources */,
				53E47893181577F600BEFD10 /* LSCommonToolbar.m in Sources */,
				536A70D31819638700C9FD00 /* AFHTTPClient.m in Sources */,
				536A70D41819638700C9FD00 /* AFHTTPRequestOperation.m in Sources */,
				539F5573182E796D007B7952 /* LSErrorViewController.m in Sources */,
				539F55B9182E84E7007B7952 /* WebPImage.m in Sources */,
				536A70D51819638700C9FD00 /* AFImageRequestOperation.m in Sources */,
				539F55D4182E89EE007B7952 /* SDWebImagePrefetcher.m in Sources */,
				536A70D61819638700C9FD00 /* AFJSONRequestOperation.m in Sources */,
				536A70D71819638700C9FD00 /* AFNetworkActivityIndicatorManager.m in Sources */,
				536A70D81819638700C9FD00 /* AFPropertyListRequestOperation.m in Sources */,
				536A70D91819638700C9FD00 /* AFURLConnectionOperation.m in Sources */,
				536A70DA1819638700C9FD00 /* AFXMLRequestOperation.m in Sources */,
				536A70DB1819638700C9FD00 /* UIImageView+AFNetworking.m in Sources */,
				539F55D1182E89EE007B7952 /* SDWebImageDownloader.m in Sources */,
				539F55D5182E89EE007B7952 /* UIButton+WebCache.m in Sources */,
				536A70E21819640000C9FD00 /* UIScrollView+SVInfiniteScrolling.m in Sources */,
				536A70E31819640000C9FD00 /* UIScrollView+SVPullToRefresh.m in Sources */,
				5392A975181BCB720061230C /* LSApiClientService.m in Sources */,
				531581D3182004710032A738 /* LSNavBar.m in Sources */,
				539F55CE182E89EE007B7952 /* SDImageCache.m in Sources */,
				531581DB182008450032A738 /* LSColorStyleSheet.m in Sources */,
				53360A5218268D970067D9C9 /* LSAppDelegate.m in Sources */,
			);
			runOnlyForDeploymentPostprocessing = 0;
		};
/* End PBXSourcesBuildPhase section */

/* Begin PBXVariantGroup section */
		53C20EC1180F92C2006CE576 /* InfoPlist.strings */ = {
			isa = PBXVariantGroup;
			children = (
				53C20EC2180F92C2006CE576 /* en */,
			);
			name = InfoPlist.strings;
			sourceTree = "<group>";
		};
/* End PBXVariantGroup section */

/* Begin XCBuildConfiguration section */
		53C20ED0180F92C2006CE576 /* Debug */ = {
			isa = XCBuildConfiguration;
			buildSettings = {
				ALWAYS_SEARCH_USER_PATHS = NO;
				CLANG_CXX_LANGUAGE_STANDARD = "gnu++0x";
				CLANG_CXX_LIBRARY = "libc++";
				CLANG_ENABLE_OBJC_ARC = YES;
				CLANG_WARN_CONSTANT_CONVERSION = YES;
				CLANG_WARN_EMPTY_BODY = YES;
				CLANG_WARN_ENUM_CONVERSION = YES;
				CLANG_WARN_INT_CONVERSION = YES;
				CLANG_WARN__DUPLICATE_METHOD_MATCH = YES;
				"CODE_SIGN_IDENTITY[sdk=iphoneos*]" = "iPhone Developer";
				COPY_PHASE_STRIP = NO;
				GCC_C_LANGUAGE_STANDARD = gnu99;
				GCC_DYNAMIC_NO_PIC = NO;
				GCC_OPTIMIZATION_LEVEL = 0;
				GCC_PREPROCESSOR_DEFINITIONS = (
					"DEBUG=1",
					"$(inherited)",
				);
				GCC_SYMBOLS_PRIVATE_EXTERN = NO;
				GCC_WARN_ABOUT_RETURN_TYPE = YES;
				GCC_WARN_UNINITIALIZED_AUTOS = YES;
				GCC_WARN_UNUSED_VARIABLE = YES;
				IPHONEOS_DEPLOYMENT_TARGET = 6.1;
				ONLY_ACTIVE_ARCH = YES;
				SDKROOT = iphoneos;
			};
			name = Debug;
		};
		53C20ED1180F92C2006CE576 /* Release */ = {
			isa = XCBuildConfiguration;
			buildSettings = {
				ALWAYS_SEARCH_USER_PATHS = NO;
				CLANG_CXX_LANGUAGE_STANDARD = "gnu++0x";
				CLANG_CXX_LIBRARY = "libc++";
				CLANG_ENABLE_OBJC_ARC = YES;
				CLANG_WARN_CONSTANT_CONVERSION = YES;
				CLANG_WARN_EMPTY_BODY = YES;
				CLANG_WARN_ENUM_CONVERSION = YES;
				CLANG_WARN_INT_CONVERSION = YES;
				CLANG_WARN__DUPLICATE_METHOD_MATCH = YES;
				"CODE_SIGN_IDENTITY[sdk=iphoneos*]" = "iPhone Developer";
				COPY_PHASE_STRIP = YES;
				GCC_C_LANGUAGE_STANDARD = gnu99;
				GCC_WARN_ABOUT_RETURN_TYPE = YES;
				GCC_WARN_UNINITIALIZED_AUTOS = YES;
				GCC_WARN_UNUSED_VARIABLE = YES;
				IPHONEOS_DEPLOYMENT_TARGET = 6.1;
				OTHER_CFLAGS = "-DNS_BLOCK_ASSERTIONS=1";
				SDKROOT = iphoneos;
				VALIDATE_PRODUCT = YES;
			};
			name = Release;
		};
		53C20ED3180F92C2006CE576 /* Debug */ = {
			isa = XCBuildConfiguration;
			buildSettings = {
				FRAMEWORK_SEARCH_PATHS = (
					"$(inherited)",
					/Users/zhudong/iosWork/LoveShang/Vendors,
					/Users/zhudong/iosWork/LoveShang/Vendors/Webp,
				);
				GCC_PRECOMPILE_PREFIX_HEADER = YES;
				GCC_PREFIX_HEADER = "LoveShang/LoveShang-Prefix.pch";
				INFOPLIST_FILE = "LoveShang/LoveShang-Info.plist";
				PRODUCT_NAME = "$(TARGET_NAME)";
				WRAPPER_EXTENSION = app;
			};
			name = Debug;
		};
		53C20ED4180F92C2006CE576 /* Release */ = {
			isa = XCBuildConfiguration;
			buildSettings = {
				FRAMEWORK_SEARCH_PATHS = (
					"$(inherited)",
					/Users/zhudong/iosWork/LoveShang/Vendors,
					/Users/zhudong/iosWork/LoveShang/Vendors/Webp,
				);
				GCC_PRECOMPILE_PREFIX_HEADER = YES;
				GCC_PREFIX_HEADER = "LoveShang/LoveShang-Prefix.pch";
				INFOPLIST_FILE = "LoveShang/LoveShang-Info.plist";
				PRODUCT_NAME = "$(TARGET_NAME)";
				WRAPPER_EXTENSION = app;
			};
			name = Release;
		};
/* End XCBuildConfiguration section */

/* Begin XCConfigurationList section */
		53C20EB0180F92C2006CE576 /* Build configuration list for PBXProject "LoveShang" */ = {
			isa = XCConfigurationList;
			buildConfigurations = (
				53C20ED0180F92C2006CE576 /* Debug */,
				53C20ED1180F92C2006CE576 /* Release */,
			);
			defaultConfigurationIsVisible = 0;
			defaultConfigurationName = Release;
		};
		53C20ED2180F92C2006CE576 /* Build configuration list for PBXNativeTarget "LoveShang" */ = {
			isa = XCConfigurationList;
			buildConfigurations = (
				53C20ED3180F92C2006CE576 /* Debug */,
				53C20ED4180F92C2006CE576 /* Release */,
			);
			defaultConfigurationIsVisible = 0;
			defaultConfigurationName = Release;
		};
/* End XCConfigurationList section */
	};
	rootObject = 53C20EAD180F92C2006CE576 /* Project object */;
}
